// !$*UTF8*$!
{
	archiveVersion = 1;
	classes = {
	};
	objectVersion = 51;
	objects = {

/* Begin PBXBuildFile section */
		3A0272B025E26EF4000E6BD4 /* Roboto-Bold.ttf in Resources */ = {isa = PBXBuildFile; fileRef = 3A0272AE25E26EF4000E6BD4 /* Roboto-Bold.ttf */; };
		3A0272B125E26EF4000E6BD4 /* Roboto-Black.ttf in Resources */ = {isa = PBXBuildFile; fileRef = 3A0272AF25E26EF4000E6BD4 /* Roboto-Black.ttf */; };
		3A02D93225EEA0D4008A6F16 /* ReusableWeatherView.xib in Resources */ = {isa = PBXBuildFile; fileRef = 3A02D93125EEA0D4008A6F16 /* ReusableWeatherView.xib */; };
		3A02D93525EEA11C008A6F16 /* ReusableWeatherView.swift in Sources */ = {isa = PBXBuildFile; fileRef = 3A02D93425EEA11C008A6F16 /* ReusableWeatherView.swift */; };
		3A0885DB24E9AFC5006C3DCF /* WeatherManager.swift in Sources */ = {isa = PBXBuildFile; fileRef = 3A0885DA24E9AFC4006C3DCF /* WeatherManager.swift */; };
		3A0885DD24E9AFDA006C3DCF /* WeatherModel.swift in Sources */ = {isa = PBXBuildFile; fileRef = 3A0885DC24E9AFDA006C3DCF /* WeatherModel.swift */; };
		3A0885DF24E9AFE9006C3DCF /* WeatherData.swift in Sources */ = {isa = PBXBuildFile; fileRef = 3A0885DE24E9AFE9006C3DCF /* WeatherData.swift */; };
		3A0E765A253DFAE200C3D96D /* StarParticleCloudy.sks in Resources */ = {isa = PBXBuildFile; fileRef = 3A0E7655253DE48700C3D96D /* StarParticleCloudy.sks */; };
		3A2A1539252F53AC004A8672 /* WeatherViewController.swift in Sources */ = {isa = PBXBuildFile; fileRef = 3A2A1538252F53AC004A8672 /* WeatherViewController.swift */; };
		3A33323E24CCE3420053C0F7 /* AppDelegate.swift in Sources */ = {isa = PBXBuildFile; fileRef = 3A33323D24CCE3420053C0F7 /* AppDelegate.swift */; };
		3A33324024CCE3420053C0F7 /* SceneDelegate.swift in Sources */ = {isa = PBXBuildFile; fileRef = 3A33323F24CCE3420053C0F7 /* SceneDelegate.swift */; };
		3A33324224CCE3420053C0F7 /* MainViewController.swift in Sources */ = {isa = PBXBuildFile; fileRef = 3A33324124CCE3420053C0F7 /* MainViewController.swift */; };
		3A33324524CCE3420053C0F7 /* Main.storyboard in Resources */ = {isa = PBXBuildFile; fileRef = 3A33324324CCE3420053C0F7 /* Main.storyboard */; };
		3A33324724CCE3470053C0F7 /* Assets.xcassets in Resources */ = {isa = PBXBuildFile; fileRef = 3A33324624CCE3470053C0F7 /* Assets.xcassets */; };
		3A33324A24CCE3470053C0F7 /* LaunchScreen.storyboard in Resources */ = {isa = PBXBuildFile; fileRef = 3A33324824CCE3470053C0F7 /* LaunchScreen.storyboard */; };
		3A3724C9251F4C1900CB6FE6 /* MenuButtonStyle.swift in Sources */ = {isa = PBXBuildFile; fileRef = 3A3724C8251F4C1900CB6FE6 /* MenuButtonStyle.swift */; };
		3A3724CD251F7CAA00CB6FE6 /* MenuItem.swift in Sources */ = {isa = PBXBuildFile; fileRef = 3A3724CC251F7CAA00CB6FE6 /* MenuItem.swift */; };
		3A70730025D533F400C3DBF2 /* AboutViewController.swift in Sources */ = {isa = PBXBuildFile; fileRef = 3A7072FF25D533F400C3DBF2 /* AboutViewController.swift */; };
		3A81D3D424EC16BD0082A1CF /* MenuViewController.swift in Sources */ = {isa = PBXBuildFile; fileRef = 3A81D3D324EC16BD0082A1CF /* MenuViewController.swift */; };
		3A851F6425E049820093BAE4 /* StoreKit.framework in Frameworks */ = {isa = PBXBuildFile; fileRef = 3A851F6325E049820093BAE4 /* StoreKit.framework */; };
		3A8B132C2510279C00029EEB /* Keys.swift in Sources */ = {isa = PBXBuildFile; fileRef = 3A8B132B2510279C00029EEB /* Keys.swift */; };
		3A99845225DA9B16000ED153 /* SettingsViewController.swift in Sources */ = {isa = PBXBuildFile; fileRef = 3A99845125DA9B16000ED153 /* SettingsViewController.swift */; };
		3A99845F25DB15B0000ED153 /* Pods_WeatherBoard.framework in Frameworks */ = {isa = PBXBuildFile; fileRef = CF02EDF624512461411F9D49 /* Pods_WeatherBoard.framework */; };
		3A9E14842515F96A000E62AE /* StarParticle.sks in Resources */ = {isa = PBXBuildFile; fileRef = 3AAD20B52514D9CC002AF7BA /* StarParticle.sks */; };
		3A9E14852515F96C000E62AE /* StormParticle.sks in Resources */ = {isa = PBXBuildFile; fileRef = 3AAD20B62514D9D2002AF7BA /* StormParticle.sks */; };
		3AAD20BC2514DA7E002AF7BA /* SnowParticle.sks in Resources */ = {isa = PBXBuildFile; fileRef = 3AAD20BB2514DA7E002AF7BA /* SnowParticle.sks */; };
		3AB1956B25E29448008BD8E2 /* DataManager.swift in Sources */ = {isa = PBXBuildFile; fileRef = 3AB1956A25E29448008BD8E2 /* DataManager.swift */; };
		3ACAA2D925307EDE00377451 /* DetailsViewController.swift in Sources */ = {isa = PBXBuildFile; fileRef = 3ACAA2D825307EDE00377451 /* DetailsViewController.swift */; };
		3ACAA2DD25309CA900377451 /* DetailsTableViewCell.swift in Sources */ = {isa = PBXBuildFile; fileRef = 3ACAA2DB25309CA900377451 /* DetailsTableViewCell.swift */; };
		3ACAA2DE25309CA900377451 /* DetailsTableViewCell.xib in Resources */ = {isa = PBXBuildFile; fileRef = 3ACAA2DC25309CA900377451 /* DetailsTableViewCell.xib */; };
		3ACE4FF425DFD7FD007AC078 /* ButtonStyle.swift in Sources */ = {isa = PBXBuildFile; fileRef = 3ACE4FF325DFD7FD007AC078 /* ButtonStyle.swift */; };
		3ADCEEBB24F668E700A6A672 /* RainParticle.sks in Resources */ = {isa = PBXBuildFile; fileRef = 3ADCEEBA24F668E700A6A672 /* RainParticle.sks */; };
		3AF224542512C1E400371CA4 /* C.swift in Sources */ = {isa = PBXBuildFile; fileRef = 3AF224532512C1E400371CA4 /* C.swift */; };
		3AF6CEF9251E21B2005D39CA /* MenuTableViewCell.swift in Sources */ = {isa = PBXBuildFile; fileRef = 3AF6CEF7251E21B2005D39CA /* MenuTableViewCell.swift */; };
		3AF6CEFA251E21B2005D39CA /* MenuTableViewCell.xib in Resources */ = {isa = PBXBuildFile; fileRef = 3AF6CEF8251E21B2005D39CA /* MenuTableViewCell.xib */; };
/* End PBXBuildFile section */

/* Begin PBXFileReference section */
		3A0272AE25E26EF4000E6BD4 /* Roboto-Bold.ttf */ = {isa = PBXFileReference; lastKnownFileType = file; path = "Roboto-Bold.ttf"; sourceTree = "<group>"; };
		3A0272AF25E26EF4000E6BD4 /* Roboto-Black.ttf */ = {isa = PBXFileReference; lastKnownFileType = file; path = "Roboto-Black.ttf"; sourceTree = "<group>"; };
		3A02D93125EEA0D4008A6F16 /* ReusableWeatherView.xib */ = {isa = PBXFileReference; lastKnownFileType = file.xib; path = ReusableWeatherView.xib; sourceTree = "<group>"; };
		3A02D93425EEA11C008A6F16 /* ReusableWeatherView.swift */ = {isa = PBXFileReference; lastKnownFileType = sourcecode.swift; path = ReusableWeatherView.swift; sourceTree = "<group>"; };
		3A0885DA24E9AFC4006C3DCF /* WeatherManager.swift */ = {isa = PBXFileReference; fileEncoding = 4; lastKnownFileType = sourcecode.swift; path = WeatherManager.swift; sourceTree = "<group>"; };
		3A0885DC24E9AFDA006C3DCF /* WeatherModel.swift */ = {isa = PBXFileReference; fileEncoding = 4; lastKnownFileType = sourcecode.swift; path = WeatherModel.swift; sourceTree = "<group>"; };
		3A0885DE24E9AFE9006C3DCF /* WeatherData.swift */ = {isa = PBXFileReference; fileEncoding = 4; lastKnownFileType = sourcecode.swift; path = WeatherData.swift; sourceTree = "<group>"; };
		3A0E7655253DE48700C3D96D /* StarParticleCloudy.sks */ = {isa = PBXFileReference; lastKnownFileType = file.sks; path = StarParticleCloudy.sks; sourceTree = "<group>"; };
		3A2A1538252F53AC004A8672 /* WeatherViewController.swift */ = {isa = PBXFileReference; lastKnownFileType = sourcecode.swift; path = WeatherViewController.swift; sourceTree = "<group>"; xcLanguageSpecificationIdentifier = xcode.lang.swift; };
		3A33323A24CCE3420053C0F7 /* WeatherBoard.app */ = {isa = PBXFileReference; explicitFileType = wrapper.application; includeInIndex = 0; path = WeatherBoard.app; sourceTree = BUILT_PRODUCTS_DIR; };
		3A33323D24CCE3420053C0F7 /* AppDelegate.swift */ = {isa = PBXFileReference; lastKnownFileType = sourcecode.swift; path = AppDelegate.swift; sourceTree = "<group>"; };
		3A33323F24CCE3420053C0F7 /* SceneDelegate.swift */ = {isa = PBXFileReference; lastKnownFileType = sourcecode.swift; path = SceneDelegate.swift; sourceTree = "<group>"; };
		3A33324124CCE3420053C0F7 /* MainViewController.swift */ = {isa = PBXFileReference; lastKnownFileType = sourcecode.swift; path = MainViewController.swift; sourceTree = "<group>"; usesTabs = 0; wrapsLines = 1; };
		3A33324424CCE3420053C0F7 /* Base */ = {isa = PBXFileReference; lastKnownFileType = file.storyboard; name = Base; path = Base.lproj/Main.storyboard; sourceTree = "<group>"; };
		3A33324624CCE3470053C0F7 /* Assets.xcassets */ = {isa = PBXFileReference; lastKnownFileType = folder.assetcatalog; path = Assets.xcassets; sourceTree = "<group>"; };
		3A33324924CCE3470053C0F7 /* Base */ = {isa = PBXFileReference; lastKnownFileType = file.storyboard; name = Base; path = Base.lproj/LaunchScreen.storyboard; sourceTree = "<group>"; };
		3A3724C8251F4C1900CB6FE6 /* MenuButtonStyle.swift */ = {isa = PBXFileReference; lastKnownFileType = sourcecode.swift; path = MenuButtonStyle.swift; sourceTree = "<group>"; };
		3A3724CC251F7CAA00CB6FE6 /* MenuItem.swift */ = {isa = PBXFileReference; lastKnownFileType = sourcecode.swift; path = MenuItem.swift; sourceTree = "<group>"; };
		3A561D4025D947780051412F /* WeatherBoard.entitlements */ = {isa = PBXFileReference; lastKnownFileType = text.plist.entitlements; path = WeatherBoard.entitlements; sourceTree = "<group>"; };
		3A7072FF25D533F400C3DBF2 /* AboutViewController.swift */ = {isa = PBXFileReference; lastKnownFileType = sourcecode.swift; path = AboutViewController.swift; sourceTree = "<group>"; };
		3A81D3D324EC16BD0082A1CF /* MenuViewController.swift */ = {isa = PBXFileReference; lastKnownFileType = sourcecode.swift; path = MenuViewController.swift; sourceTree = "<group>"; };
		3A84338E25FD2EC500BB6225 /* Info.plist */ = {isa = PBXFileReference; fileEncoding = 4; lastKnownFileType = text.plist.xml; path = Info.plist; sourceTree = "<group>"; };
		3A851F6325E049820093BAE4 /* StoreKit.framework */ = {isa = PBXFileReference; lastKnownFileType = wrapper.framework; name = StoreKit.framework; path = System/Library/Frameworks/StoreKit.framework; sourceTree = SDKROOT; };
		3A8B132B2510279C00029EEB /* Keys.swift */ = {isa = PBXFileReference; lastKnownFileType = sourcecode.swift; path = Keys.swift; sourceTree = "<group>"; };
		3A99845125DA9B16000ED153 /* SettingsViewController.swift */ = {isa = PBXFileReference; lastKnownFileType = sourcecode.swift; path = SettingsViewController.swift; sourceTree = "<group>"; };
		3AAD20B52514D9CC002AF7BA /* StarParticle.sks */ = {isa = PBXFileReference; lastKnownFileType = file.sks; path = StarParticle.sks; sourceTree = "<group>"; };
		3AAD20B62514D9D2002AF7BA /* StormParticle.sks */ = {isa = PBXFileReference; lastKnownFileType = file.sks; path = StormParticle.sks; sourceTree = "<group>"; };
		3AAD20BB2514DA7E002AF7BA /* SnowParticle.sks */ = {isa = PBXFileReference; lastKnownFileType = file.sks; path = SnowParticle.sks; sourceTree = "<group>"; };
		3AB1956A25E29448008BD8E2 /* DataManager.swift */ = {isa = PBXFileReference; lastKnownFileType = sourcecode.swift; path = DataManager.swift; sourceTree = "<group>"; };
		3ACAA2D825307EDE00377451 /* DetailsViewController.swift */ = {isa = PBXFileReference; lastKnownFileType = sourcecode.swift; path = DetailsViewController.swift; sourceTree = "<group>"; };
		3ACAA2DB25309CA900377451 /* DetailsTableViewCell.swift */ = {isa = PBXFileReference; lastKnownFileType = sourcecode.swift; path = DetailsTableViewCell.swift; sourceTree = "<group>"; };
		3ACAA2DC25309CA900377451 /* DetailsTableViewCell.xib */ = {isa = PBXFileReference; lastKnownFileType = file.xib; path = DetailsTableViewCell.xib; sourceTree = "<group>"; };
		3ACE4FF325DFD7FD007AC078 /* ButtonStyle.swift */ = {isa = PBXFileReference; fileEncoding = 4; lastKnownFileType = sourcecode.swift; path = ButtonStyle.swift; sourceTree = "<group>"; };
		3ADCEEBA24F668E700A6A672 /* RainParticle.sks */ = {isa = PBXFileReference; lastKnownFileType = file.sks; path = RainParticle.sks; sourceTree = "<group>"; };
		3AF224532512C1E400371CA4 /* C.swift */ = {isa = PBXFileReference; lastKnownFileType = sourcecode.swift; path = C.swift; sourceTree = "<group>"; };
		3AF6CEF7251E21B2005D39CA /* MenuTableViewCell.swift */ = {isa = PBXFileReference; lastKnownFileType = sourcecode.swift; path = MenuTableViewCell.swift; sourceTree = "<group>"; };
		3AF6CEF8251E21B2005D39CA /* MenuTableViewCell.xib */ = {isa = PBXFileReference; lastKnownFileType = file.xib; path = MenuTableViewCell.xib; sourceTree = "<group>"; };
		3EAEF2CD239BC49092AC5608 /* Pods-WeatherBoard.release.xcconfig */ = {isa = PBXFileReference; includeInIndex = 1; lastKnownFileType = text.xcconfig; name = "Pods-WeatherBoard.release.xcconfig"; path = "Target Support Files/Pods-WeatherBoard/Pods-WeatherBoard.release.xcconfig"; sourceTree = "<group>"; };
		5D1C943B04103B5104332817 /* Pods-WeatherBoard.debug.xcconfig */ = {isa = PBXFileReference; includeInIndex = 1; lastKnownFileType = text.xcconfig; name = "Pods-WeatherBoard.debug.xcconfig"; path = "Target Support Files/Pods-WeatherBoard/Pods-WeatherBoard.debug.xcconfig"; sourceTree = "<group>"; };
		CF02EDF624512461411F9D49 /* Pods_WeatherBoard.framework */ = {isa = PBXFileReference; explicitFileType = wrapper.framework; includeInIndex = 0; path = Pods_WeatherBoard.framework; sourceTree = BUILT_PRODUCTS_DIR; };
/* End PBXFileReference section */

/* Begin PBXFrameworksBuildPhase section */
		3A33323724CCE3420053C0F7 /* Frameworks */ = {
			isa = PBXFrameworksBuildPhase;
			buildActionMask = 2147483647;
			files = (
				3A99845F25DB15B0000ED153 /* Pods_WeatherBoard.framework in Frameworks */,
				3A851F6425E049820093BAE4 /* StoreKit.framework in Frameworks */,
			);
			runOnlyForDeploymentPostprocessing = 0;
		};
/* End PBXFrameworksBuildPhase section */

/* Begin PBXGroup section */
		3A0272AC25E26EAB000E6BD4 /* SupportFiles */ = {
			isa = PBXGroup;
			children = (
				3A33323D24CCE3420053C0F7 /* AppDelegate.swift */,
				3A33323F24CCE3420053C0F7 /* SceneDelegate.swift */,
				3A33324824CCE3470053C0F7 /* LaunchScreen.storyboard */,
				3A0885D224E9A3BD006C3DCF /* Resources */,
				3A3A8ECE253CB778006CF764 /* Constants */,
			);
			path = SupportFiles;
			sourceTree = "<group>";
		};
		3A0885D224E9A3BD006C3DCF /* Resources */ = {
			isa = PBXGroup;
			children = (
				3A33324624CCE3470053C0F7 /* Assets.xcassets */,
				3A99845525DB1194000ED153 /* Fonts */,
				3AAD20B32514D2D2002AF7BA /* Particles */,
			);
			name = Resources;
			path = ../..;
			sourceTree = "<group>";
		};
		3A0885D724E9AF76006C3DCF /* Views */ = {
			isa = PBXGroup;
			children = (
				3A33324324CCE3420053C0F7 /* Main.storyboard */,
				3ACAA2DC25309CA900377451 /* DetailsTableViewCell.xib */,
				3ACAA2DB25309CA900377451 /* DetailsTableViewCell.swift */,
				3AF6CEF8251E21B2005D39CA /* MenuTableViewCell.xib */,
				3A02D93125EEA0D4008A6F16 /* ReusableWeatherView.xib */,
				3A02D93425EEA11C008A6F16 /* ReusableWeatherView.swift */,
				3AF6CEF7251E21B2005D39CA /* MenuTableViewCell.swift */,
				3A3724C8251F4C1900CB6FE6 /* MenuButtonStyle.swift */,
				3ACE4FF325DFD7FD007AC078 /* ButtonStyle.swift */,
			);
			path = Views;
			sourceTree = "<group>";
		};
		3A0885D824E9AF90006C3DCF /* Controllers */ = {
			isa = PBXGroup;
			children = (
				3A33324124CCE3420053C0F7 /* MainViewController.swift */,
				3A2A1538252F53AC004A8672 /* WeatherViewController.swift */,
				3ACAA2D825307EDE00377451 /* DetailsViewController.swift */,
				3A81D3D324EC16BD0082A1CF /* MenuViewController.swift */,
				3A7072FF25D533F400C3DBF2 /* AboutViewController.swift */,
				3A99845125DA9B16000ED153 /* SettingsViewController.swift */,
			);
			path = Controllers;
			sourceTree = "<group>";
		};
		3A0885D924E9AFB6006C3DCF /* Model */ = {
			isa = PBXGroup;
			children = (
				3A0885DA24E9AFC4006C3DCF /* WeatherManager.swift */,
				3AB1956A25E29448008BD8E2 /* DataManager.swift */,
				3A0885DC24E9AFDA006C3DCF /* WeatherModel.swift */,
				3A0885DE24E9AFE9006C3DCF /* WeatherData.swift */,
				3A3724CC251F7CAA00CB6FE6 /* MenuItem.swift */,
			);
			path = Model;
			sourceTree = "<group>";
		};
		3A33323124CCE3420053C0F7 = {
			isa = PBXGroup;
			children = (
				3A33323C24CCE3420053C0F7 /* WeatherBoard */,
				948890A2592330103FBEDCA9 /* Pods */,
				3A33323B24CCE3420053C0F7 /* Products */,
				5F2D913EEBC52BAB95F0E6BA /* Frameworks */,
			);
			sourceTree = "<group>";
		};
		3A33323B24CCE3420053C0F7 /* Products */ = {
			isa = PBXGroup;
			children = (
				3A33323A24CCE3420053C0F7 /* WeatherBoard.app */,
			);
			name = Products;
			sourceTree = "<group>";
		};
		3A33323C24CCE3420053C0F7 /* WeatherBoard */ = {
			isa = PBXGroup;
			children = (
				3A84338E25FD2EC500BB6225 /* Info.plist */,
				3A561D4025D947780051412F /* WeatherBoard.entitlements */,
				3A0885D924E9AFB6006C3DCF /* Model */,
				3A0885D724E9AF76006C3DCF /* Views */,
				3A0885D824E9AF90006C3DCF /* Controllers */,
				3A0272AC25E26EAB000E6BD4 /* SupportFiles */,
			);
			path = WeatherBoard;
			sourceTree = "<group>";
		};
		3A3A8ECE253CB778006CF764 /* Constants */ = {
			isa = PBXGroup;
			children = (
				3AF224532512C1E400371CA4 /* C.swift */,
				3A8B132B2510279C00029EEB /* Keys.swift */,
			);
			path = Constants;
			sourceTree = "<group>";
		};
		3A99845525DB1194000ED153 /* Fonts */ = {
			isa = PBXGroup;
			children = (
				3A0272AF25E26EF4000E6BD4 /* Roboto-Black.ttf */,
				3A0272AE25E26EF4000E6BD4 /* Roboto-Bold.ttf */,
			);
			path = Fonts;
			sourceTree = "<group>";
		};
		3AAD20B32514D2D2002AF7BA /* Particles */ = {
			isa = PBXGroup;
			children = (
				3AAD20B52514D9CC002AF7BA /* StarParticle.sks */,
				3AAD20B62514D9D2002AF7BA /* StormParticle.sks */,
				3ADCEEBA24F668E700A6A672 /* RainParticle.sks */,
				3AAD20BB2514DA7E002AF7BA /* SnowParticle.sks */,
				3A0E7655253DE48700C3D96D /* StarParticleCloudy.sks */,
			);
			path = Particles;
			sourceTree = "<group>";
		};
		5F2D913EEBC52BAB95F0E6BA /* Frameworks */ = {
			isa = PBXGroup;
			children = (
				3A851F6325E049820093BAE4 /* StoreKit.framework */,
				CF02EDF624512461411F9D49 /* Pods_WeatherBoard.framework */,
			);
			name = Frameworks;
			sourceTree = "<group>";
		};
		948890A2592330103FBEDCA9 /* Pods */ = {
			isa = PBXGroup;
			children = (
				5D1C943B04103B5104332817 /* Pods-WeatherBoard.debug.xcconfig */,
				3EAEF2CD239BC49092AC5608 /* Pods-WeatherBoard.release.xcconfig */,
			);
			path = Pods;
			sourceTree = "<group>";
		};
/* End PBXGroup section */

/* Begin PBXNativeTarget section */
		3A33323924CCE3420053C0F7 /* WeatherBoard */ = {
			isa = PBXNativeTarget;
			buildConfigurationList = 3A33324E24CCE3470053C0F7 /* Build configuration list for PBXNativeTarget "WeatherBoard" */;
			buildPhases = (
				38328E0A847F04BE1C7E71C7 /* [CP] Check Pods Manifest.lock */,
				3A8257CA25713BC60079D324 /* ShellScript */,
				3A33323624CCE3420053C0F7 /* Sources */,
				3A33323724CCE3420053C0F7 /* Frameworks */,
				3A33323824CCE3420053C0F7 /* Resources */,
				E3E38D20112E40CFA20DDB44 /* [CP] Embed Pods Frameworks */,
			);
			buildRules = (
			);
			dependencies = (
			);
			name = WeatherBoard;
			productName = WeatherBoard;
			productReference = 3A33323A24CCE3420053C0F7 /* WeatherBoard.app */;
			productType = "com.apple.product-type.application";
		};
/* End PBXNativeTarget section */

/* Begin PBXProject section */
		3A33323224CCE3420053C0F7 /* Project object */ = {
			isa = PBXProject;
			attributes = {
				LastSwiftUpdateCheck = 1160;
				LastUpgradeCheck = 1240;
				ORGANIZATIONNAME = "Justyn Henman";
				TargetAttributes = {
					3A33323924CCE3420053C0F7 = {
						CreatedOnToolsVersion = 11.6;
					};
				};
			};
			buildConfigurationList = 3A33323524CCE3420053C0F7 /* Build configuration list for PBXProject "WeatherBoard" */;
			compatibilityVersion = "Xcode 9.3";
			developmentRegion = en;
			hasScannedForEncodings = 0;
			knownRegions = (
				en,
				Base,
			);
			mainGroup = 3A33323124CCE3420053C0F7;
			productRefGroup = 3A33323B24CCE3420053C0F7 /* Products */;
			projectDirPath = "";
			projectRoot = "";
			targets = (
				3A33323924CCE3420053C0F7 /* WeatherBoard */,
			);
		};
/* End PBXProject section */

/* Begin PBXResourcesBuildPhase section */
		3A33323824CCE3420053C0F7 /* Resources */ = {
			isa = PBXResourcesBuildPhase;
			buildActionMask = 2147483647;
			files = (
				3A02D93225EEA0D4008A6F16 /* ReusableWeatherView.xib in Resources */,
				3A0272B025E26EF4000E6BD4 /* Roboto-Bold.ttf in Resources */,
				3AAD20BC2514DA7E002AF7BA /* SnowParticle.sks in Resources */,
				3AF6CEFA251E21B2005D39CA /* MenuTableViewCell.xib in Resources */,
				3A33324A24CCE3470053C0F7 /* LaunchScreen.storyboard in Resources */,
				3A33324724CCE3470053C0F7 /* Assets.xcassets in Resources */,
				3ACAA2DE25309CA900377451 /* DetailsTableViewCell.xib in Resources */,
				3A9E14852515F96C000E62AE /* StormParticle.sks in Resources */,
				3A0E765A253DFAE200C3D96D /* StarParticleCloudy.sks in Resources */,
				3A9E14842515F96A000E62AE /* StarParticle.sks in Resources */,
				3A0272B125E26EF4000E6BD4 /* Roboto-Black.ttf in Resources */,
				3A33324524CCE3420053C0F7 /* Main.storyboard in Resources */,
				3ADCEEBB24F668E700A6A672 /* RainParticle.sks in Resources */,
			);
			runOnlyForDeploymentPostprocessing = 0;
		};
/* End PBXResourcesBuildPhase section */

/* Begin PBXShellScriptBuildPhase section */
		38328E0A847F04BE1C7E71C7 /* [CP] Check Pods Manifest.lock */ = {
			isa = PBXShellScriptBuildPhase;
			buildActionMask = 2147483647;
			files = (
			);
			inputFileListPaths = (
			);
			inputPaths = (
				"${PODS_PODFILE_DIR_PATH}/Podfile.lock",
				"${PODS_ROOT}/Manifest.lock",
			);
			name = "[CP] Check Pods Manifest.lock";
			outputFileListPaths = (
			);
			outputPaths = (
				"$(DERIVED_FILE_DIR)/Pods-WeatherBoard-checkManifestLockResult.txt",
			);
			runOnlyForDeploymentPostprocessing = 0;
			shellPath = /bin/sh;
			shellScript = "diff \"${PODS_PODFILE_DIR_PATH}/Podfile.lock\" \"${PODS_ROOT}/Manifest.lock\" > /dev/null\nif [ $? != 0 ] ; then\n    # print error to STDERR\n    echo \"error: The sandbox is not in sync with the Podfile.lock. Run 'pod install' or update your CocoaPods installation.\" >&2\n    exit 1\nfi\n# This output is used by Xcode 'outputs' to avoid re-running this script phase.\necho \"SUCCESS\" > \"${SCRIPT_OUTPUT_FILE_0}\"\n";
			showEnvVarsInLog = 0;
		};
		3A8257CA25713BC60079D324 /* ShellScript */ = {
			isa = PBXShellScriptBuildPhase;
			buildActionMask = 2147483647;
			files = (
			);
			inputFileListPaths = (
			);
			inputPaths = (
			);
			outputFileListPaths = (
			);
			outputPaths = (
			);
			runOnlyForDeploymentPostprocessing = 0;
			shellPath = /bin/sh;
			shellScript = "if which swiftlint >/dev/null; then\n    swiftlint autocorrect\nelse\n    echo \"SwiftLint is not installed\"\nfi\n";
		};
		E3E38D20112E40CFA20DDB44 /* [CP] Embed Pods Frameworks */ = {
			isa = PBXShellScriptBuildPhase;
			buildActionMask = 2147483647;
			files = (
			);
			inputFileListPaths = (
				"${PODS_ROOT}/Target Support Files/Pods-WeatherBoard/Pods-WeatherBoard-frameworks-${CONFIGURATION}-input-files.xcfilelist",
			);
			name = "[CP] Embed Pods Frameworks";
			outputFileListPaths = (
				"${PODS_ROOT}/Target Support Files/Pods-WeatherBoard/Pods-WeatherBoard-frameworks-${CONFIGURATION}-output-files.xcfilelist",
			);
			runOnlyForDeploymentPostprocessing = 0;
			shellPath = /bin/sh;
			shellScript = "\"${PODS_ROOT}/Target Support Files/Pods-WeatherBoard/Pods-WeatherBoard-frameworks.sh\"\n";
			showEnvVarsInLog = 0;
		};
/* End PBXShellScriptBuildPhase section */

/* Begin PBXSourcesBuildPhase section */
		3A33323624CCE3420053C0F7 /* Sources */ = {
			isa = PBXSourcesBuildPhase;
			buildActionMask = 2147483647;
			files = (
				3A33324224CCE3420053C0F7 /* MainViewController.swift in Sources */,
				3A33323E24CCE3420053C0F7 /* AppDelegate.swift in Sources */,
				3A8B132C2510279C00029EEB /* Keys.swift in Sources */,
				3A0885DB24E9AFC5006C3DCF /* WeatherManager.swift in Sources */,
				3A81D3D424EC16BD0082A1CF /* MenuViewController.swift in Sources */,
				3AF224542512C1E400371CA4 /* C.swift in Sources */,
				3A3724CD251F7CAA00CB6FE6 /* MenuItem.swift in Sources */,
				3AF6CEF9251E21B2005D39CA /* MenuTableViewCell.swift in Sources */,
				3A33324024CCE3420053C0F7 /* SceneDelegate.swift in Sources */,
				3A3724C9251F4C1900CB6FE6 /* MenuButtonStyle.swift in Sources */,
				3A0885DF24E9AFE9006C3DCF /* WeatherData.swift in Sources */,
				3A2A1539252F53AC004A8672 /* WeatherViewController.swift in Sources */,
				3A99845225DA9B16000ED153 /* SettingsViewController.swift in Sources */,
				3A0885DD24E9AFDA006C3DCF /* WeatherModel.swift in Sources */,
				3A02D93525EEA11C008A6F16 /* ReusableWeatherView.swift in Sources */,
				3AB1956B25E29448008BD8E2 /* DataManager.swift in Sources */,
				3ACAA2DD25309CA900377451 /* DetailsTableViewCell.swift in Sources */,
				3ACE4FF425DFD7FD007AC078 /* ButtonStyle.swift in Sources */,
				3A70730025D533F400C3DBF2 /* AboutViewController.swift in Sources */,
				3ACAA2D925307EDE00377451 /* DetailsViewController.swift in Sources */,
			);
			runOnlyForDeploymentPostprocessing = 0;
		};
/* End PBXSourcesBuildPhase section */

/* Begin PBXVariantGroup section */
		3A33324324CCE3420053C0F7 /* Main.storyboard */ = {
			isa = PBXVariantGroup;
			children = (
				3A33324424CCE3420053C0F7 /* Base */,
			);
			name = Main.storyboard;
			sourceTree = "<group>";
		};
		3A33324824CCE3470053C0F7 /* LaunchScreen.storyboard */ = {
			isa = PBXVariantGroup;
			children = (
				3A33324924CCE3470053C0F7 /* Base */,
			);
			name = LaunchScreen.storyboard;
			sourceTree = "<group>";
		};
/* End PBXVariantGroup section */

/* Begin XCBuildConfiguration section */
		3A33324C24CCE3470053C0F7 /* Debug */ = {
			isa = XCBuildConfiguration;
			buildSettings = {
				ALWAYS_SEARCH_USER_PATHS = NO;
				CLANG_ANALYZER_NONNULL = YES;
				CLANG_ANALYZER_NUMBER_OBJECT_CONVERSION = YES_AGGRESSIVE;
				CLANG_CXX_LANGUAGE_STANDARD = "gnu++14";
				CLANG_CXX_LIBRARY = "libc++";
				CLANG_ENABLE_MODULES = YES;
				CLANG_ENABLE_OBJC_ARC = YES;
				CLANG_ENABLE_OBJC_WEAK = YES;
				CLANG_WARN_BLOCK_CAPTURE_AUTORELEASING = YES;
				CLANG_WARN_BOOL_CONVERSION = YES;
				CLANG_WARN_COMMA = YES;
				CLANG_WARN_CONSTANT_CONVERSION = YES;
				CLANG_WARN_DEPRECATED_OBJC_IMPLEMENTATIONS = YES;
				CLANG_WARN_DIRECT_OBJC_ISA_USAGE = YES_ERROR;
				CLANG_WARN_DOCUMENTATION_COMMENTS = YES;
				CLANG_WARN_EMPTY_BODY = YES;
				CLANG_WARN_ENUM_CONVERSION = YES;
				CLANG_WARN_INFINITE_RECURSION = YES;
				CLANG_WARN_INT_CONVERSION = YES;
				CLANG_WARN_NON_LITERAL_NULL_CONVERSION = YES;
				CLANG_WARN_OBJC_IMPLICIT_RETAIN_SELF = YES;
				CLANG_WARN_OBJC_LITERAL_CONVERSION = YES;
				CLANG_WARN_OBJC_ROOT_CLASS = YES_ERROR;
				CLANG_WARN_RANGE_LOOP_ANALYSIS = YES;
				CLANG_WARN_STRICT_PROTOTYPES = YES;
				CLANG_WARN_SUSPICIOUS_MOVE = YES;
				CLANG_WARN_UNGUARDED_AVAILABILITY = YES_AGGRESSIVE;
				CLANG_WARN_UNREACHABLE_CODE = YES;
				CLANG_WARN__DUPLICATE_METHOD_MATCH = YES;
				COPY_PHASE_STRIP = NO;
				DEBUG_INFORMATION_FORMAT = dwarf;
				ENABLE_STRICT_OBJC_MSGSEND = YES;
				ENABLE_TESTABILITY = YES;
				"EXCLUDED_ARCHS[sdk=iphonesimulator*]" = arm64;
				GCC_C_LANGUAGE_STANDARD = gnu11;
				GCC_DYNAMIC_NO_PIC = NO;
				GCC_NO_COMMON_BLOCKS = YES;
				GCC_OPTIMIZATION_LEVEL = 0;
				GCC_PREPROCESSOR_DEFINITIONS = (
					"DEBUG=1",
					"$(inherited)",
				);
				GCC_WARN_64_TO_32_BIT_CONVERSION = YES;
				GCC_WARN_ABOUT_RETURN_TYPE = YES_ERROR;
				GCC_WARN_UNDECLARED_SELECTOR = YES;
				GCC_WARN_UNINITIALIZED_AUTOS = YES_AGGRESSIVE;
				GCC_WARN_UNUSED_FUNCTION = YES;
				GCC_WARN_UNUSED_VARIABLE = YES;
				IPHONEOS_DEPLOYMENT_TARGET = 14.0;
				MTL_ENABLE_DEBUG_INFO = INCLUDE_SOURCE;
				MTL_FAST_MATH = YES;
				ONLY_ACTIVE_ARCH = YES;
				SDKROOT = iphoneos;
				SWIFT_ACTIVE_COMPILATION_CONDITIONS = DEBUG;
				SWIFT_OPTIMIZATION_LEVEL = "-Onone";
			};
			name = Debug;
		};
		3A33324D24CCE3470053C0F7 /* Release */ = {
			isa = XCBuildConfiguration;
			buildSettings = {
				ALWAYS_SEARCH_USER_PATHS = NO;
				CLANG_ANALYZER_NONNULL = YES;
				CLANG_ANALYZER_NUMBER_OBJECT_CONVERSION = YES_AGGRESSIVE;
				CLANG_CXX_LANGUAGE_STANDARD = "gnu++14";
				CLANG_CXX_LIBRARY = "libc++";
				CLANG_ENABLE_MODULES = YES;
				CLANG_ENABLE_OBJC_ARC = YES;
				CLANG_ENABLE_OBJC_WEAK = YES;
				CLANG_WARN_BLOCK_CAPTURE_AUTORELEASING = YES;
				CLANG_WARN_BOOL_CONVERSION = YES;
				CLANG_WARN_COMMA = YES;
				CLANG_WARN_CONSTANT_CONVERSION = YES;
				CLANG_WARN_DEPRECATED_OBJC_IMPLEMENTATIONS = YES;
				CLANG_WARN_DIRECT_OBJC_ISA_USAGE = YES_ERROR;
				CLANG_WARN_DOCUMENTATION_COMMENTS = YES;
				CLANG_WARN_EMPTY_BODY = YES;
				CLANG_WARN_ENUM_CONVERSION = YES;
				CLANG_WARN_INFINITE_RECURSION = YES;
				CLANG_WARN_INT_CONVERSION = YES;
				CLANG_WARN_NON_LITERAL_NULL_CONVERSION = YES;
				CLANG_WARN_OBJC_IMPLICIT_RETAIN_SELF = YES;
				CLANG_WARN_OBJC_LITERAL_CONVERSION = YES;
				CLANG_WARN_OBJC_ROOT_CLASS = YES_ERROR;
				CLANG_WARN_RANGE_LOOP_ANALYSIS = YES;
				CLANG_WARN_STRICT_PROTOTYPES = YES;
				CLANG_WARN_SUSPICIOUS_MOVE = YES;
				CLANG_WARN_UNGUARDED_AVAILABILITY = YES_AGGRESSIVE;
				CLANG_WARN_UNREACHABLE_CODE = YES;
				CLANG_WARN__DUPLICATE_METHOD_MATCH = YES;
				COPY_PHASE_STRIP = NO;
				DEBUG_INFORMATION_FORMAT = "dwarf-with-dsym";
				ENABLE_NS_ASSERTIONS = NO;
				ENABLE_STRICT_OBJC_MSGSEND = YES;
				"EXCLUDED_ARCHS[sdk=iphonesimulator*]" = arm64;
				GCC_C_LANGUAGE_STANDARD = gnu11;
				GCC_NO_COMMON_BLOCKS = YES;
				GCC_WARN_64_TO_32_BIT_CONVERSION = YES;
				GCC_WARN_ABOUT_RETURN_TYPE = YES_ERROR;
				GCC_WARN_UNDECLARED_SELECTOR = YES;
				GCC_WARN_UNINITIALIZED_AUTOS = YES_AGGRESSIVE;
				GCC_WARN_UNUSED_FUNCTION = YES;
				GCC_WARN_UNUSED_VARIABLE = YES;
				IPHONEOS_DEPLOYMENT_TARGET = 14.0;
				MTL_ENABLE_DEBUG_INFO = NO;
				MTL_FAST_MATH = YES;
				SDKROOT = iphoneos;
				SWIFT_COMPILATION_MODE = wholemodule;
				SWIFT_OPTIMIZATION_LEVEL = "-O";
				VALIDATE_PRODUCT = YES;
			};
			name = Release;
		};
		3A33324F24CCE3470053C0F7 /* Debug */ = {
			isa = XCBuildConfiguration;
			baseConfigurationReference = 5D1C943B04103B5104332817 /* Pods-WeatherBoard.debug.xcconfig */;
			buildSettings = {
				ASSETCATALOG_COMPILER_APPICON_NAME = AppIcon;
				CODE_SIGN_ENTITLEMENTS = WeatherBoard/WeatherBoard.entitlements;
				CODE_SIGN_STYLE = Automatic;
				CURRENT_PROJECT_VERSION = 2;
				DEVELOPMENT_ASSET_PATHS = "";
				DEVELOPMENT_TEAM = KR9D699PKJ;
				"EXCLUDED_ARCHS[sdk=iphonesimulator*]" = arm64;
				INFOPLIST_FILE = WeatherBoard/Info.plist;
				IPHONEOS_DEPLOYMENT_TARGET = 14.0;
				LD_RUNPATH_SEARCH_PATHS = (
					"$(inherited)",
					"@executable_path/Frameworks",
				);
				MARKETING_VERSION = 1.2.0;
				PRODUCT_BUNDLE_IDENTIFIER = com.justynhenman.WeatherBoard;
				PRODUCT_NAME = "$(TARGET_NAME)";
				SWIFT_VERSION = 5.0;
				TARGETED_DEVICE_FAMILY = 1;
			};
			name = Debug;
		};
		3A33325024CCE3470053C0F7 /* Release */ = {
			isa = XCBuildConfiguration;
			baseConfigurationReference = 3EAEF2CD239BC49092AC5608 /* Pods-WeatherBoard.release.xcconfig */;
			buildSettings = {
				ASSETCATALOG_COMPILER_APPICON_NAME = AppIcon;
				CODE_SIGN_ENTITLEMENTS = WeatherBoard/WeatherBoard.entitlements;
				CODE_SIGN_STYLE = Automatic;
				CURRENT_PROJECT_VERSION = 2;
				DEVELOPMENT_ASSET_PATHS = "";
				DEVELOPMENT_TEAM = KR9D699PKJ;
				"EXCLUDED_ARCHS[sdk=iphonesimulator*]" = arm64;
				INFOPLIST_FILE = WeatherBoard/Info.plist;
				IPHONEOS_DEPLOYMENT_TARGET = 14.0;
				LD_RUNPATH_SEARCH_PATHS = (
					"$(inherited)",
					"@executable_path/Frameworks",
				);
				MARKETING_VERSION = 1.2.0;
				PRODUCT_BUNDLE_IDENTIFIER = com.justynhenman.WeatherBoard;
				PRODUCT_NAME = "$(TARGET_NAME)";
				SWIFT_VERSION = 5.0;
				TARGETED_DEVICE_FAMILY = 1;
			};
			name = Release;
		};
/* End XCBuildConfiguration section */

/* Begin XCConfigurationList section */
		3A33323524CCE3420053C0F7 /* Build configuration list for PBXProject "WeatherBoard" */ = {
			isa = XCConfigurationList;
			buildConfigurations = (
				3A33324C24CCE3470053C0F7 /* Debug */,
				3A33324D24CCE3470053C0F7 /* Release */,
			);
			defaultConfigurationIsVisible = 0;
			defaultConfigurationName = Release;
		};
		3A33324E24CCE3470053C0F7 /* Build configuration list for PBXNativeTarget "WeatherBoard" */ = {
			isa = XCConfigurationList;
			buildConfigurations = (
				3A33324F24CCE3470053C0F7 /* Debug */,
				3A33325024CCE3470053C0F7 /* Release */,
			);
			defaultConfigurationIsVisible = 0;
			defaultConfigurationName = Release;
		};
/* End XCConfigurationList section */
	};
	rootObject = 3A33323224CCE3420053C0F7 /* Project object */;
}
